
Microsoft Visual Studio Solution File, Format Version 12.00
# Visual Studio 15
VisualStudioVersion = 15.0.27004.2002
MinimumVisualStudioVersion = 10.0.40219.1
Project("{2150E333-8FDC-42A3-9474-1A3956D46DE8}") = "Server", "Server", "{C97E9F3B-C524-4A78-A5CF-083EAEC42E20}"
EndProject
Project("{2150E333-8FDC-42A3-9474-1A3956D46DE8}") = "Web", "Web", "{5D77FE2F-6B30-4978-B5FA-10DF68B38AE5}"
EndProject
Project("{FAE04EC0-301F-11D3-BF4B-00C04F79EFBC}") = "SSJT.Crm.Model", "SSJT.Crm.Model\SSJT.Crm.Model.csproj", "{5EF9EC4D-0CDC-40F5-AA76-9FA994D6A87E}"
EndProject
Project("{FAE04EC0-301F-11D3-BF4B-00C04F79EFBC}") = "SSJT.Crm.IBLL", "SSJT.Crm.IBLL\SSJT.Crm.IBLL.csproj", "{85413D8C-F1F9-4481-870F-2C636DB34733}"
EndProject
Project("{FAE04EC0-301F-11D3-BF4B-00C04F79EFBC}") = "SSJT.Crm.BLL", "SSJT.Crm.BLL\SSJT.Crm.BLL.csproj", "{8533A98C-A17B-4E8B-A721-95C9E6DD3C73}"
EndProject
Project("{FAE04EC0-301F-11D3-BF4B-00C04F79EFBC}") = "SSJT.Crm.IDAL", "SSJT.Crm.IDAL\SSJT.Crm.IDAL.csproj", "{EB3D6A79-8454-4A08-A21F-593F8DC53D68}"
EndProject
Project("{FAE04EC0-301F-11D3-BF4B-00C04F79EFBC}") = "SSJT.Crm.DAL", "SSJT.Crm.DAL\SSJT.Crm.DAL.csproj", "{A8ED0F84-1855-4D24-B303-BE07C40AFC30}"
EndProject
Project("{FAE04EC0-301F-11D3-BF4B-00C04F79EFBC}") = "SSJT.Crm.Common", "SSJT.Crm.Common\SSJT.Crm.Common.csproj", "{A464ABBE-68F9-43C2-9B3E-AA677CFC2F7B}"
EndProject
Project("{FAE04EC0-301F-11D3-BF4B-00C04F79EFBC}") = "SSJT.Crm.DBUtility", "SSJT.Crm.DBUtility\SSJT.Crm.DBUtility.csproj", "{ED84A816-FD0C-4D1A-861D-EBBFC2288AC5}"
EndProject
Project("{FAE04EC0-301F-11D3-BF4B-00C04F79EFBC}") = "SSJT.Crm.WebApp", "SSJT.Crm.WebApp\SSJT.Crm.WebApp.csproj", "{C068FB65-8ED1-4722-94FC-5CD91772096D}"
EndProject
Global
	GlobalSection(SolutionConfigurationPlatforms) = preSolution
		Debug|Any CPU = Debug|Any CPU
		Release|Any CPU = Release|Any CPU
	EndGlobalSection
	GlobalSection(ProjectConfigurationPlatforms) = postSolution
		{5EF9EC4D-0CDC-40F5-AA76-9FA994D6A87E}.Debug|Any CPU.ActiveCfg = Debug|Any CPU
		{5EF9EC4D-0CDC-40F5-AA76-9FA994D6A87E}.Debug|Any CPU.Build.0 = Debug|Any CPU
		{5EF9EC4D-0CDC-40F5-AA76-9FA994D6A87E}.Release|Any CPU.ActiveCfg = Release|Any CPU
		{5EF9EC4D-0CDC-40F5-AA76-9FA994D6A87E}.Release|Any CPU.Build.0 = Release|Any CPU
		{85413D8C-F1F9-4481-870F-2C636DB34733}.Debug|Any CPU.ActiveCfg = Debug|Any CPU
		{85413D8C-F1F9-4481-870F-2C636DB34733}.Debug|Any CPU.Build.0 = Debug|Any CPU
		{85413D8C-F1F9-4481-870F-2C636DB34733}.Release|Any CPU.ActiveCfg = Release|Any CPU
		{85413D8C-F1F9-4481-870F-2C636DB34733}.Release|Any CPU.Build.0 = Release|Any CPU
		{8533A98C-A17B-4E8B-A721-95C9E6DD3C73}.Debug|Any CPU.ActiveCfg = Debug|Any CPU
		{8533A98C-A17B-4E8B-A721-95C9E6DD3C73}.Debug|Any CPU.Build.0 = Debug|Any CPU
		{8533A98C-A17B-4E8B-A721-95C9E6DD3C73}.Release|Any CPU.ActiveCfg = Release|Any CPU
		{8533A98C-A17B-4E8B-A721-95C9E6DD3C73}.Release|Any CPU.Build.0 = Release|Any CPU
		{EB3D6A79-8454-4A08-A21F-593F8DC53D68}.Debug|Any CPU.ActiveCfg = Debug|Any CPU
		{EB3D6A79-8454-4A08-A21F-593F8DC53D68}.Debug|Any CPU.Build.0 = Debug|Any CPU
		{EB3D6A79-8454-4A08-A21F-593F8DC53D68}.Release|Any CPU.ActiveCfg = Release|Any CPU
		{EB3D6A79-8454-4A08-A21F-593F8DC53D68}.Release|Any CPU.Build.0 = Release|Any CPU
		{A8ED0F84-1855-4D24-B303-BE07C40AFC30}.Debug|Any CPU.ActiveCfg = Debug|Any CPU
		{A8ED0F84-1855-4D24-B303-BE07C40AFC30}.Debug|Any CPU.Build.0 = Debug|Any CPU
		{A8ED0F84-1855-4D24-B303-BE07C40AFC30}.Release|Any CPU.ActiveCfg = Release|Any CPU
		{A8ED0F84-1855-4D24-B303-BE07C40AFC30}.Release|Any CPU.Build.0 = Release|Any CPU
		{A464ABBE-68F9-43C2-9B3E-AA677CFC2F7B}.Debug|Any CPU.ActiveCfg = Debug|Any CPU
		{A464ABBE-68F9-43C2-9B3E-AA677CFC2F7B}.Debug|Any CPU.Build.0 = Debug|Any CPU
		{A464ABBE-68F9-43C2-9B3E-AA677CFC2F7B}.Release|Any CPU.ActiveCfg = Release|Any CPU
		{A464ABBE-68F9-43C2-9B3E-AA677CFC2F7B}.Release|Any CPU.Build.0 = Release|Any CPU
		{ED84A816-FD0C-4D1A-861D-EBBFC2288AC5}.Debug|Any CPU.ActiveCfg = Debug|Any CPU
		{ED84A816-FD0C-4D1A-861D-EBBFC2288AC5}.Debug|Any CPU.Build.0 = Debug|Any CPU
		{ED84A816-FD0C-4D1A-861D-EBBFC2288AC5}.Release|Any CPU.ActiveCfg = Release|Any CPU
		{ED84A816-FD0C-4D1A-861D-EBBFC2288AC5}.Release|Any CPU.Build.0 = Release|Any CPU
		{C068FB65-8ED1-4722-94FC-5CD91772096D}.Debug|Any CPU.ActiveCfg = Debug|Any CPU
		{C068FB65-8ED1-4722-94FC-5CD91772096D}.Debug|Any CPU.Build.0 = Debug|Any CPU
		{C068FB65-8ED1-4722-94FC-5CD91772096D}.Release|Any CPU.ActiveCfg = Release|Any CPU
		{C068FB65-8ED1-4722-94FC-5CD91772096D}.Release|Any CPU.Build.0 = Release|Any CPU
	EndGlobalSection
	GlobalSection(SolutionProperties) = preSolution
		HideSolutionNode = FALSE
	EndGlobalSection
	GlobalSection(NestedProjects) = preSolution
		{5EF9EC4D-0CDC-40F5-AA76-9FA994D6A87E} = {C97E9F3B-C524-4A78-A5CF-083EAEC42E20}
		{85413D8C-F1F9-4481-870F-2C636DB34733} = {C97E9F3B-C524-4A78-A5CF-083EAEC42E20}
		{8533A98C-A17B-4E8B-A721-95C9E6DD3C73} = {C97E9F3B-C524-4A78-A5CF-083EAEC42E20}
		{EB3D6A79-8454-4A08-A21F-593F8DC53D68} = {C97E9F3B-C524-4A78-A5CF-083EAEC42E20}
		{A8ED0F84-1855-4D24-B303-BE07C40AFC30} = {C97E9F3B-C524-4A78-A5CF-083EAEC42E20}
		{A464ABBE-68F9-43C2-9B3E-AA677CFC2F7B} = {5D77FE2F-6B30-4978-B5FA-10DF68B38AE5}
		{ED84A816-FD0C-4D1A-861D-EBBFC2288AC5} = {C97E9F3B-C524-4A78-A5CF-083EAEC42E20}
		{C068FB65-8ED1-4722-94FC-5CD91772096D} = {5D77FE2F-6B30-4978-B5FA-10DF68B38AE5}
	EndGlobalSection
	GlobalSection(ExtensibilityGlobals) = postSolution
		SolutionGuid = {03363179-CA4D-4274-B8B0-FB3CEBB9C122}
	EndGlobalSection
EndGlobal
